// !$*UTF8*$!
{
	archiveVersion = 1;
	classes = {
	};
	objectVersion = 52;
	objects = {

/* Begin PBXBuildFile section */
		08D6B67F237F6C93006C8B1F /* AppDelegate.swift in Sources */ = {isa = PBXBuildFile; fileRef = 08D6B67E237F6C93006C8B1F /* AppDelegate.swift */; };
		08D6B681237F6C93006C8B1F /* SceneDelegate.swift in Sources */ = {isa = PBXBuildFile; fileRef = 08D6B680237F6C93006C8B1F /* SceneDelegate.swift */; };
		08D6B683237F6C93006C8B1F /* ViewController.swift in Sources */ = {isa = PBXBuildFile; fileRef = 08D6B682237F6C93006C8B1F /* ViewController.swift */; };
		08D6B686237F6C93006C8B1F /* Main.storyboard in Resources */ = {isa = PBXBuildFile; fileRef = 08D6B684237F6C93006C8B1F /* Main.storyboard */; };
		08D6B688237F6C94006C8B1F /* Assets.xcassets in Resources */ = {isa = PBXBuildFile; fileRef = 08D6B687237F6C94006C8B1F /* Assets.xcassets */; };
		08D6B68B237F6C94006C8B1F /* LaunchScreen.storyboard in Resources */ = {isa = PBXBuildFile; fileRef = 08D6B689237F6C94006C8B1F /* LaunchScreen.storyboard */; };
/* End PBXBuildFile section */

/* Begin PBXFileReference section */
		08D6B67B237F6C93006C8B1F /* Swift1.app */ = {isa = PBXFileReference; explicitFileType = wrapper.application; includeInIndex = 0; path = Swift1.app; sourceTree = BUILT_PRODUCTS_DIR; };
		08D6B67E237F6C93006C8B1F /* AppDelegate.swift */ = {isa = PBXFileReference; lastKnownFileType = sourcecode.swift; path = AppDelegate.swift; sourceTree = "<group>"; };
		08D6B680237F6C93006C8B1F /* SceneDelegate.swift */ = {isa = PBXFileReference; lastKnownFileType = sourcecode.swift; path = SceneDelegate.swift; sourceTree = "<group>"; };
		08D6B682237F6C93006C8B1F /* ViewController.swift */ = {isa = PBXFileReference; lastKnownFileType = sourcecode.swift; path = ViewController.swift; sourceTree = "<group>"; };
		08D6B685237F6C93006C8B1F /* Base */ = {isa = PBXFileReference; lastKnownFileType = file.storyboard; name = Base; path = Base.lproj/Main.storyboard; sourceTree = "<group>"; };
		08D6B687237F6C94006C8B1F /* Assets.xcassets */ = {isa = PBXFileReference; lastKnownFileType = folder.assetcatalog; path = Assets.xcassets; sourceTree = "<group>"; };
		08D6B68A237F6C94006C8B1F /* Base */ = {isa = PBXFileReference; lastKnownFileType = file.storyboard; name = Base; path = Base.lproj/LaunchScreen.storyboard; sourceTree = "<group>"; };
		08D6B68C237F6C94006C8B1F /* Info.plist */ = {isa = PBXFileReference; lastKnownFileType = text.plist.xml; path = Info.plist; sourceTree = "<group>"; };
/* End PBXFileReference section */

/* Begin PBXFrameworksBuildPhase section */
		08D6B678237F6C93006C8B1F /* Frameworks */ = {
			isa = PBXFrameworksBuildPhase;
			buildActionMask = 2147483647;
			files = (
			);
			runOnlyForDeploymentPostprocessing = 0;
		};
/* End PBXFrameworksBuildPhase section */

/* Begin PBXGroup section */
		08D6B672237F6C93006C8B1F = {
			isa = PBXGroup;
			children = (
				08D6B67D237F6C93006C8B1F /* Swift1 */,
				08D6B67C237F6C93006C8B1F /* Products */,
			);
			sourceTree = "<group>";
		};
		08D6B67C237F6C93006C8B1F /* Products */ = {
			isa = PBXGroup;
			children = (
				08D6B67B237F6C93006C8B1F /* Swift1.app */,
			);
			name = Products;
			sourceTree = "<group>";
		};
		08D6B67D237F6C93006C8B1F /* Swift1 */ = {
			isa = PBXGroup;
			children = (
				08D6B67E237F6C93006C8B1F /* AppDelegate.swift */,
				08D6B680237F6C93006C8B1F /* SceneDelegate.swift */,
				08D6B682237F6C93006C8B1F /* ViewController.swift */,
				08D6B684237F6C93006C8B1F /* Main.storyboard */,
				08D6B687237F6C94006C8B1F /* Assets.xcassets */,
				08D6B689237F6C94006C8B1F /* LaunchScreen.storyboard */,
				08D6B68C237F6C94006C8B1F /* Info.plist */,
			);
			path = Swift1;
			sourceTree = "<group>";
		};
/* End PBXGroup section */

/* Begin PBXNativeTarget section */
		08D6B67A237F6C93006C8B1F /* Swift1 */ = {
			isa = PBXNativeTarget;
			buildConfigurationList = 08D6B68F237F6C94006C8B1F /* Build configuration list for PBXNativeTarget "Swift1" */;
			buildPhases = (
				08D6B677237F6C93006C8B1F /* Sources */,
				08D6B678237F6C93006C8B1F /* Frameworks */,
				08D6B679237F6C93006C8B1F /* Resources */,
			);
			buildRules = (
			);
			dependencies = (
			);
			name = Swift1;
			productName = Swift1;
			productReference = 08D6B67B237F6C93006C8B1F /* Swift1.app */;
			productType = "com.apple.product-type.application";
		};
/* End PBXNativeTarget section */

/* Begin PBXProject section */
		08D6B673237F6C93006C8B1F /* Project object */ = {
			isa = PBXProject;
			attributes = {
				LastSwiftUpdateCheck = 1120;
				LastUpgradeCheck = 1120;
				ORGANIZATIONNAME = "William Santos";
				TargetAttributes = {
					08D6B67A237F6C93006C8B1F = {
						CreatedOnToolsVersion = 11.2.1;
					};
				};
			};
			buildConfigurationList = 08D6B676237F6C93006C8B1F /* Build configuration list for PBXProject "Swift1" */;
			compatibilityVersion = "Xcode 11.0";
			developmentRegion = en;
			hasScannedForEncodings = 0;
			knownRegions = (
				en,
				Base,
			);
			mainGroup = 08D6B672237F6C93006C8B1F;
			productRefGroup = 08D6B67C237F6C93006C8B1F /* Products */;
			projectDirPath = "";
			projectRoot = "";
			targets = (
				08D6B67A237F6C93006C8B1F /* Swift1 */,
			);
		};
/* End PBXProject section */

/* Begin PBXResourcesBuildPhase section */
		08D6B679237F6C93006C8B1F /* Resources */ = {
			isa = PBXResourcesBuildPhase;
			buildActionMask = 2147483647;
			files = (
				08D6B68B237F6C94006C8B1F /* LaunchScreen.storyboard in Resources */,
				08D6B688237F6C94006C8B1F /* Assets.xcassets in Resources */,
				08D6B686237F6C93006C8B1F /* Main.storyboard in Resources */,
			);
			runOnlyForDeploymentPostprocessing = 0;
		};
/* End PBXResourcesBuildPhase section */

/* Begin PBXSourcesBuildPhase section */
		08D6B677237F6C93006C8B1F /* Sources */ = {
			isa = PBXSourcesBuildPhase;
			buildActionMask = 2147483647;
			files = (
				08D6B683237F6C93006C8B1F /* ViewController.swift in Sources */,
				08D6B67F237F6C93006C8B1F /* AppDelegate.swift in Sources */,
				08D6B681237F6C93006C8B1F /* SceneDelegate.swift in Sources */,
			);
			runOnlyForDeploymentPostprocessing = 0;
		};
/* End PBXSourcesBuildPhase section */

/* Begin PBXVariantGroup section */
		08D6B684237F6C93006C8B1F /* Main.storyboard */ = {
			isa = PBXVariantGroup;
			children = (
				08D6B685237F6C93006C8B1F /* Base */,
			);
			name = Main.storyboard;
			sourceTree = "<group>";
		};
		08D6B689237F6C94006C8B1F /* LaunchScreen.storyboard */ = {
			isa = PBXVariantGroup;
			children = (
				08D6B68A237F6C94006C8B1F /* Base */,
			);
			name = LaunchScreen.storyboard;
			sourceTree = "<group>";
		};
/* End PBXVariantGroup section */

/* Begin XCBuildConfiguration section */
		08D6B68D237F6C94006C8B1F /* Debug */ = {
			isa = XCBuildConfiguration;
			buildSettings = {
				ALWAYS_SEARCH_USER_PATHS = NO;
				CLANG_ANALYZER_NONNULL = YES;
				CLANG_ANALYZER_NUMBER_OBJECT_CONVERSION = YES_AGGRESSIVE;
				CLANG_CXX_LANGUAGE_STANDARD = "gnu++14";
				CLANG_CXX_LIBRARY = "libc++";
				CLANG_ENABLE_MODULES = YES;
				CLANG_ENABLE_OBJC_ARC = YES;
				CLANG_ENABLE_OBJC_WEAK = YES;
				CLANG_WARN_BLOCK_CAPTURE_AUTORELEASING = YES;
				CLANG_WARN_BOOL_CONVERSION = YES;
				CLANG_WARN_COMMA = YES;
				CLANG_WARN_CONSTANT_CONVERSION = YES;
				CLANG_WARN_DEPRECATED_OBJC_IMPLEMENTATIONS = YES;
				CLANG_WARN_DIRECT_OBJC_ISA_USAGE = YES_ERROR;
				CLANG_WARN_DOCUMENTATION_COMMENTS = YES;
				CLANG_WARN_EMPTY_BODY = YES;
				CLANG_WARN_ENUM_CONVERSION = YES;
				CLANG_WARN_INFINITE_RECURSION = YES;
				CLANG_WARN_INT_CONVERSION = YES;
				CLANG_WARN_NON_LITERAL_NULL_CONVERSION = YES;
				CLANG_WARN_OBJC_IMPLICIT_RETAIN_SELF = YES;
				CLANG_WARN_OBJC_LITERAL_CONVERSION = YES;
				CLANG_WARN_OBJC_ROOT_CLASS = YES_ERROR;
				CLANG_WARN_RANGE_LOOP_ANALYSIS = YES;
				CLANG_WARN_STRICT_PROTOTYPES = YES;
				CLANG_WARN_SUSPICIOUS_MOVE = YES;
				CLANG_WARN_UNGUARDED_AVAILABILITY = YES_AGGRESSIVE;
				CLANG_WARN_UNREACHABLE_CODE = YES;
				CLANG_WARN__DUPLICATE_METHOD_MATCH = YES;
				COPY_PHASE_STRIP = NO;
				DEBUG_INFORMATION_FORMAT = dwarf;
				ENABLE_STRICT_OBJC_MSGSEND = YES;
				ENABLE_TESTABILITY = YES;
				GCC_C_LANGUAGE_STANDARD = gnu11;
				GCC_DYNAMIC_NO_PIC = NO;
				GCC_NO_COMMON_BLOCKS = YES;
				GCC_OPTIMIZATION_LEVEL = 0;
				GCC_PREPROCESSOR_DEFINITIONS = (
					"DEBUG=1",
					"$(inherited)",
				);
				GCC_WARN_64_TO_32_BIT_CONVERSION = YES;
				GCC_WARN_ABOUT_RETURN_TYPE = YES_ERROR;
				GCC_WARN_UNDECLARED_SELECTOR = YES;
				GCC_WARN_UNINITIALIZED_AUTOS = YES_AGGRESSIVE;
				GCC_WARN_UNUSED_FUNCTION = YES;
				GCC_WARN_UNUSED_VARIABLE = YES;
				IPHONEOS_DEPLOYMENT_TARGET = 13.2;
				MTL_ENABLE_DEBUG_INFO = INCLUDE_SOURCE;
				MTL_FAST_MATH = YES;
				ONLY_ACTIVE_ARCH = YES;
				SDKROOT = iphoneos;
				SWIFT_ACTIVE_COMPILATION_CONDITIONS = DEBUG;
				SWIFT_OPTIMIZATION_LEVEL = "-Onone";
			};
			name = Debug;
		};
		08D6B68E237F6C94006C8B1F /* Release */ = {
			isa = XCBuildConfiguration;
			buildSettings = {
				ALWAYS_SEARCH_USER_PATHS = NO;
				CLANG_ANALYZER_NONNULL = YES;
				CLANG_ANALYZER_NUMBER_OBJECT_CONVERSION = YES_AGGRESSIVE;
				CLANG_CXX_LANGUAGE_STANDARD = "gnu++14";
				CLANG_CXX_LIBRARY = "libc++";
				CLANG_ENABLE_MODULES = YES;
				CLANG_ENABLE_OBJC_ARC = YES;
				CLANG_ENABLE_OBJC_WEAK = YES;
				CLANG_WARN_BLOCK_CAPTURE_AUTORELEASING = YES;
				CLANG_WARN_BOOL_CONVERSION = YES;
				CLANG_WARN_COMMA = YES;
				CLANG_WARN_CONSTANT_CONVERSION = YES;
				CLANG_WARN_DEPRECATED_OBJC_IMPLEMENTATIONS = YES;
				CLANG_WARN_DIRECT_OBJC_ISA_USAGE = YES_ERROR;
				CLANG_WARN_DOCUMENTATION_COMMENTS = YES;
				CLANG_WARN_EMPTY_BODY = YES;
				CLANG_WARN_ENUM_CONVERSION = YES;
				CLANG_WARN_INFINITE_RECURSION = YES;
				CLANG_WARN_INT_CONVERSION = YES;
				CLANG_WARN_NON_LITERAL_NULL_CONVERSION = YES;
				CLANG_WARN_OBJC_IMPLICIT_RETAIN_SELF = YES;
				CLANG_WARN_OBJC_LITERAL_CONVERSION = YES;
				CLANG_WARN_OBJC_ROOT_CLASS = YES_ERROR;
				CLANG_WARN_RANGE_LOOP_ANALYSIS = YES;
				CLANG_WARN_STRICT_PROTOTYPES = YES;
				CLANG_WARN_SUSPICIOUS_MOVE = YES;
				CLANG_WARN_UNGUARDED_AVAILABILITY = YES_AGGRESSIVE;
				CLANG_WARN_UNREACHABLE_CODE = YES;
				CLANG_WARN__DUPLICATE_METHOD_MATCH = YES;
				COPY_PHASE_STRIP = NO;
				DEBUG_INFORMATION_FORMAT = "dwarf-with-dsym";
				ENABLE_NS_ASSERTIONS = NO;
				ENABLE_STRICT_OBJC_MSGSEND = YES;
				GCC_C_LANGUAGE_STANDARD = gnu11;
				GCC_NO_COMMON_BLOCKS = YES;
				GCC_WARN_64_TO_32_BIT_CONVERSION = YES;
				GCC_WARN_ABOUT_RETURN_TYPE = YES_ERROR;
				GCC_WARN_UNDECLARED_SELECTOR = YES;
				GCC_WARN_UNINITIALIZED_AUTOS = YES_AGGRESSIVE;
				GCC_WARN_UNUSED_FUNCTION = YES;
				GCC_WARN_UNUSED_VARIABLE = YES;
				IPHONEOS_DEPLOYMENT_TARGET = 13.2;
				MTL_ENABLE_DEBUG_INFO = NO;
				MTL_FAST_MATH = YES;
				SDKROOT = iphoneos;
				SWIFT_COMPILATION_MODE = wholemodule;
				SWIFT_OPTIMIZATION_LEVEL = "-O";
				VALIDATE_PRODUCT = YES;
			};
			name = Release;
		};
		08D6B690237F6C94006C8B1F /* Debug */ = {
			isa = XCBuildConfiguration;
			buildSettings = {
				ASSETCATALOG_COMPILER_APPICON_NAME = AppIcon;
				CODE_SIGN_STYLE = Automatic;
				INFOPLIST_FILE = Swift1/Info.plist;
				LD_RUNPATH_SEARCH_PATHS = (
					"$(inherited)",
					"@executable_path/Frameworks",
				);
				PRODUCT_BUNDLE_IDENTIFIER = br.com.alura.Swift1;
				PRODUCT_NAME = "$(TARGET_NAME)";
				SWIFT_VERSION = 5.0;
				TARGETED_DEVICE_FAMILY = "1,2";
			};
			name = Debug;
		};
		08D6B691237F6C94006C8B1F /* Release */ = {
			isa = XCBuildConfiguration;
			buildSettings = {
				ASSETCATALOG_COMPILER_APPICON_NAME = AppIcon;
				CODE_SIGN_STYLE = Automatic;
				INFOPLIST_FILE = Swift1/Info.plist;
				LD_RUNPATH_SEARCH_PATHS = (
					"$(inherited)",
					"@executable_path/Frameworks",
				);
				PRODUCT_BUNDLE_IDENTIFIER = br.com.alura.Swift1;
				PRODUCT_NAME = "$(TARGET_NAME)";
				SWIFT_VERSION = 5.0;
				TARGETED_DEVICE_FAMILY = "1,2";
			};
			name = Release;
		};
/* End XCBuildConfiguration section */

/* Begin XCConfigurationList section */
		08D6B676237F6C93006C8B1F /* Build configuration list for PBXProject "Swift1" */ = {
			isa = XCConfigurationList;
			buildConfigurations = (
				08D6B68D237F6C94006C8B1F /* Debug */,
				08D6B68E237F6C94006C8B1F /* Release */,
			);
			defaultConfigurationIsVisible = 0;
			defaultConfigurationName = Release;
		};
		08D6B68F237F6C94006C8B1F /* Build configuration list for PBXNativeTarget "Swift1" */ = {
			isa = XCConfigurationList;
			buildConfigurations = (
				08D6B690237F6C94006C8B1F /* Debug */,
				08D6B691237F6C94006C8B1F /* Release */,
			);
			defaultConfigurationIsVisible = 0;
			defaultConfigurationName = Release;
		};
/* End XCConfigurationList section */
	};
	rootObject = 08D6B673237F6C93006C8B1F /* Project object */;
}
